
Microsoft Visual Studio Solution File, Format Version 12.00
# Visual Studio Version 16
VisualStudioVersion = 16.0.32407.337
MinimumVisualStudioVersion = 10.0.40219.1
Project("{FAE04EC0-301F-11D3-BF4B-00C04F79EFBC}") = "SleepServiceConsole", "SleepServiceConsole\SleepServiceConsole.csproj", "{5F771605-FDD6-479B-BC94-CB16378AAA8F}"
EndProject
Project("{FAE04EC0-301F-11D3-BF4B-00C04F79EFBC}") = "SleepService", "SleepService\SleepService.csproj", "{4DDA880D-9E17-4043-94A6-C4433D98ED09}"
EndProject
Project("{FAE04EC0-301F-11D3-BF4B-00C04F79EFBC}") = "SleepEntity", "SleepEntity\SleepEntity.csproj", "{0E5AAC2A-C7A6-4BCD-8005-F2EFDD10C0BF}"
EndProject
Project("{FAE04EC0-301F-11D3-BF4B-00C04F79EFBC}") = "BreathService", "BreathService\BreathService.csproj", "{5A085AA1-C19C-4A01-93E7-0F28BF4CDAD3}"
EndProject
Project("{FAE04EC0-301F-11D3-BF4B-00C04F79EFBC}") = "HeartBeatService", "HeartBeatService\HeartBeatService.csproj", "{C333A3A6-995D-44B7-95F8-DC8053AD0B2F}"
EndProject
Project("{FAE04EC0-301F-11D3-BF4B-00C04F79EFBC}") = "HeartBeatWaveService", "HeartBeatWaveService\HeartBeatWaveService.csproj", "{CE36007C-7BD6-4A93-B446-8D9EE3941CDE}"
EndProject
Global
	GlobalSection(SolutionConfigurationPlatforms) = preSolution
		Debug|Any CPU = Debug|Any CPU
		Release|Any CPU = Release|Any CPU
	EndGlobalSection
	GlobalSection(ProjectConfigurationPlatforms) = postSolution
		{5F771605-FDD6-479B-BC94-CB16378AAA8F}.Debug|Any CPU.ActiveCfg = Debug|Any CPU
		{5F771605-FDD6-479B-BC94-CB16378AAA8F}.Debug|Any CPU.Build.0 = Debug|Any CPU
		{5F771605-FDD6-479B-BC94-CB16378AAA8F}.Release|Any CPU.ActiveCfg = Release|Any CPU
		{5F771605-FDD6-479B-BC94-CB16378AAA8F}.Release|Any CPU.Build.0 = Release|Any CPU
		{4DDA880D-9E17-4043-94A6-C4433D98ED09}.Debug|Any CPU.ActiveCfg = Debug|Any CPU
		{4DDA880D-9E17-4043-94A6-C4433D98ED09}.Debug|Any CPU.Build.0 = Debug|Any CPU
		{4DDA880D-9E17-4043-94A6-C4433D98ED09}.Release|Any CPU.ActiveCfg = Release|Any CPU
		{4DDA880D-9E17-4043-94A6-C4433D98ED09}.Release|Any CPU.Build.0 = Release|Any CPU
		{0E5AAC2A-C7A6-4BCD-8005-F2EFDD10C0BF}.Debug|Any CPU.ActiveCfg = Debug|Any CPU
		{0E5AAC2A-C7A6-4BCD-8005-F2EFDD10C0BF}.Debug|Any CPU.Build.0 = Debug|Any CPU
		{0E5AAC2A-C7A6-4BCD-8005-F2EFDD10C0BF}.Release|Any CPU.ActiveCfg = Release|Any CPU
		{0E5AAC2A-C7A6-4BCD-8005-F2EFDD10C0BF}.Release|Any CPU.Build.0 = Release|Any CPU
		{5A085AA1-C19C-4A01-93E7-0F28BF4CDAD3}.Debug|Any CPU.ActiveCfg = Debug|Any CPU
		{5A085AA1-C19C-4A01-93E7-0F28BF4CDAD3}.Debug|Any CPU.Build.0 = Debug|Any CPU
		{5A085AA1-C19C-4A01-93E7-0F28BF4CDAD3}.Release|Any CPU.ActiveCfg = Release|Any CPU
		{5A085AA1-C19C-4A01-93E7-0F28BF4CDAD3}.Release|Any CPU.Build.0 = Release|Any CPU
		{C333A3A6-995D-44B7-95F8-DC8053AD0B2F}.Debug|Any CPU.ActiveCfg = Debug|Any CPU
		{C333A3A6-995D-44B7-95F8-DC8053AD0B2F}.Debug|Any CPU.Build.0 = Debug|Any CPU
		{C333A3A6-995D-44B7-95F8-DC8053AD0B2F}.Release|Any CPU.ActiveCfg = Release|Any CPU
		{C333A3A6-995D-44B7-95F8-DC8053AD0B2F}.Release|Any CPU.Build.0 = Release|Any CPU
		{CE36007C-7BD6-4A93-B446-8D9EE3941CDE}.Debug|Any CPU.ActiveCfg = Debug|Any CPU
		{CE36007C-7BD6-4A93-B446-8D9EE3941CDE}.Debug|Any CPU.Build.0 = Debug|Any CPU
		{CE36007C-7BD6-4A93-B446-8D9EE3941CDE}.Release|Any CPU.ActiveCfg = Release|Any CPU
		{CE36007C-7BD6-4A93-B446-8D9EE3941CDE}.Release|Any CPU.Build.0 = Release|Any CPU
	EndGlobalSection
	GlobalSection(SolutionProperties) = preSolution
		HideSolutionNode = FALSE
	EndGlobalSection
	GlobalSection(ExtensibilityGlobals) = postSolution
		SolutionGuid = {5447ED33-1CC7-48B6-92F4-A0BCE5222468}
	EndGlobalSection
EndGlobal
